// !$*UTF8*$!
{
	archiveVersion = 1;
	classes = {
	};
	objectVersion = 56;
	objects = {

/* Begin PBXBuildFile section */
		7672E09E28F95CC100FFE7B3 /* demoApp.swift in Sources */ = {isa = PBXBuildFile; fileRef = 7672E09D28F95CC100FFE7B3 /* demoApp.swift */; };
		7672E0A028F95CC100FFE7B3 /* ContentView.swift in Sources */ = {isa = PBXBuildFile; fileRef = 7672E09F28F95CC100FFE7B3 /* ContentView.swift */; };
		7672E0A228F95CC500FFE7B3 /* Assets.xcassets in Resources */ = {isa = PBXBuildFile; fileRef = 7672E0A128F95CC500FFE7B3 /* Assets.xcassets */; };
		7672E0A528F95CC500FFE7B3 /* Preview Assets.xcassets in Resources */ = {isa = PBXBuildFile; fileRef = 7672E0A428F95CC500FFE7B3 /* Preview Assets.xcassets */; };
		7672E0AF28F95F2D00FFE7B3 /* HomeView.swift in Sources */ = {isa = PBXBuildFile; fileRef = 7672E0AE28F95F2D00FFE7B3 /* HomeView.swift */; };
		7672E0B128F95F3500FFE7B3 /* HomeViewModel.swift in Sources */ = {isa = PBXBuildFile; fileRef = 7672E0B028F95F3500FFE7B3 /* HomeViewModel.swift */; };
		7672E0B428F95F6600FFE7B3 /* VideoPlayable in Frameworks */ = {isa = PBXBuildFile; productRef = 7672E0B328F95F6600FFE7B3 /* VideoPlayable */; };
		7672E0B628F9602E00FFE7B3 /* video.mp4 in Resources */ = {isa = PBXBuildFile; fileRef = 7672E0B528F9602E00FFE7B3 /* video.mp4 */; };
		7672E0B928F9611D00FFE7B3 /* VideoPlayViewRepresentable.swift in Sources */ = {isa = PBXBuildFile; fileRef = 7672E0B828F9611D00FFE7B3 /* VideoPlayViewRepresentable.swift */; };
		7672E0BC28F969F800FFE7B3 /* THLogger in Frameworks */ = {isa = PBXBuildFile; productRef = 7672E0BB28F969F800FFE7B3 /* THLogger */; };
/* End PBXBuildFile section */

/* Begin PBXFileReference section */
		7672E09A28F95CC100FFE7B3 /* demo.app */ = {isa = PBXFileReference; explicitFileType = wrapper.application; includeInIndex = 0; path = demo.app; sourceTree = BUILT_PRODUCTS_DIR; };
		7672E09D28F95CC100FFE7B3 /* demoApp.swift */ = {isa = PBXFileReference; lastKnownFileType = sourcecode.swift; path = demoApp.swift; sourceTree = "<group>"; };
		7672E09F28F95CC100FFE7B3 /* ContentView.swift */ = {isa = PBXFileReference; lastKnownFileType = sourcecode.swift; path = ContentView.swift; sourceTree = "<group>"; };
		7672E0A128F95CC500FFE7B3 /* Assets.xcassets */ = {isa = PBXFileReference; lastKnownFileType = folder.assetcatalog; path = Assets.xcassets; sourceTree = "<group>"; };
		7672E0A428F95CC500FFE7B3 /* Preview Assets.xcassets */ = {isa = PBXFileReference; lastKnownFileType = folder.assetcatalog; path = "Preview Assets.xcassets"; sourceTree = "<group>"; };
		7672E0AE28F95F2D00FFE7B3 /* HomeView.swift */ = {isa = PBXFileReference; lastKnownFileType = sourcecode.swift; path = HomeView.swift; sourceTree = "<group>"; };
		7672E0B028F95F3500FFE7B3 /* HomeViewModel.swift */ = {isa = PBXFileReference; lastKnownFileType = sourcecode.swift; path = HomeViewModel.swift; sourceTree = "<group>"; };
		7672E0B528F9602E00FFE7B3 /* video.mp4 */ = {isa = PBXFileReference; lastKnownFileType = file; path = video.mp4; sourceTree = "<group>"; };
		7672E0B828F9611D00FFE7B3 /* VideoPlayViewRepresentable.swift */ = {isa = PBXFileReference; lastKnownFileType = sourcecode.swift; path = VideoPlayViewRepresentable.swift; sourceTree = "<group>"; };
/* End PBXFileReference section */

/* Begin PBXFrameworksBuildPhase section */
		7672E09728F95CC100FFE7B3 /* Frameworks */ = {
			isa = PBXFrameworksBuildPhase;
			buildActionMask = 2147483647;
			files = (
				7672E0BC28F969F800FFE7B3 /* THLogger in Frameworks */,
				7672E0B428F95F6600FFE7B3 /* VideoPlayable in Frameworks */,
			);
			runOnlyForDeploymentPostprocessing = 0;
		};
/* End PBXFrameworksBuildPhase section */

/* Begin PBXGroup section */
		7672E09128F95CC100FFE7B3 = {
			isa = PBXGroup;
			children = (
				7672E09C28F95CC100FFE7B3 /* demo */,
				7672E09B28F95CC100FFE7B3 /* Products */,
			);
			sourceTree = "<group>";
		};
		7672E09B28F95CC100FFE7B3 /* Products */ = {
			isa = PBXGroup;
			children = (
				7672E09A28F95CC100FFE7B3 /* demo.app */,
			);
			name = Products;
			sourceTree = "<group>";
		};
		7672E09C28F95CC100FFE7B3 /* demo */ = {
			isa = PBXGroup;
			children = (
				7672E0B728F9610D00FFE7B3 /* Components */,
				7672E0AC28F95F1B00FFE7B3 /* Screens */,
				7672E0AB28F95F0700FFE7B3 /* Resources */,
				7672E0A328F95CC500FFE7B3 /* Preview Content */,
			);
			path = demo;
			sourceTree = "<group>";
		};
		7672E0A328F95CC500FFE7B3 /* Preview Content */ = {
			isa = PBXGroup;
			children = (
				7672E0A428F95CC500FFE7B3 /* Preview Assets.xcassets */,
			);
			path = "Preview Content";
			sourceTree = "<group>";
		};
		7672E0AB28F95F0700FFE7B3 /* Resources */ = {
			isa = PBXGroup;
			children = (
				7672E0B528F9602E00FFE7B3 /* video.mp4 */,
				7672E09D28F95CC100FFE7B3 /* demoApp.swift */,
				7672E09F28F95CC100FFE7B3 /* ContentView.swift */,
				7672E0A128F95CC500FFE7B3 /* Assets.xcassets */,
			);
			path = Resources;
			sourceTree = "<group>";
		};
		7672E0AC28F95F1B00FFE7B3 /* Screens */ = {
			isa = PBXGroup;
			children = (
				7672E0AD28F95F2100FFE7B3 /* Home */,
			);
			path = Screens;
			sourceTree = "<group>";
		};
		7672E0AD28F95F2100FFE7B3 /* Home */ = {
			isa = PBXGroup;
			children = (
				7672E0AE28F95F2D00FFE7B3 /* HomeView.swift */,
				7672E0B028F95F3500FFE7B3 /* HomeViewModel.swift */,
			);
			path = Home;
			sourceTree = "<group>";
		};
		7672E0B728F9610D00FFE7B3 /* Components */ = {
			isa = PBXGroup;
			children = (
				7672E0B828F9611D00FFE7B3 /* VideoPlayViewRepresentable.swift */,
			);
			path = Components;
			sourceTree = "<group>";
		};
/* End PBXGroup section */

/* Begin PBXNativeTarget section */
		7672E09928F95CC100FFE7B3 /* demo */ = {
			isa = PBXNativeTarget;
			buildConfigurationList = 7672E0A828F95CC500FFE7B3 /* Build configuration list for PBXNativeTarget "demo" */;
			buildPhases = (
				7672E09628F95CC100FFE7B3 /* Sources */,
				7672E09728F95CC100FFE7B3 /* Frameworks */,
				7672E09828F95CC100FFE7B3 /* Resources */,
			);
			buildRules = (
			);
			dependencies = (
			);
			name = demo;
			packageProductDependencies = (
				7672E0B328F95F6600FFE7B3 /* VideoPlayable */,
				7672E0BB28F969F800FFE7B3 /* THLogger */,
			);
			productName = demo;
			productReference = 7672E09A28F95CC100FFE7B3 /* demo.app */;
			productType = "com.apple.product-type.application";
		};
/* End PBXNativeTarget section */

/* Begin PBXProject section */
		7672E09228F95CC100FFE7B3 /* Project object */ = {
			isa = PBXProject;
			attributes = {
				BuildIndependentTargetsInParallel = 1;
				LastSwiftUpdateCheck = 1400;
				LastUpgradeCheck = 1400;
				TargetAttributes = {
					7672E09928F95CC100FFE7B3 = {
						CreatedOnToolsVersion = 14.0.1;
					};
				};
			};
			buildConfigurationList = 7672E09528F95CC100FFE7B3 /* Build configuration list for PBXProject "demo" */;
			compatibilityVersion = "Xcode 14.0";
			developmentRegion = en;
			hasScannedForEncodings = 0;
			knownRegions = (
				en,
				Base,
			);
			mainGroup = 7672E09128F95CC100FFE7B3;
			packageReferences = (
				7672E0B228F95F6600FFE7B3 /* XCRemoteSwiftPackageReference "VideoPlayable" */,
				7672E0BA28F969F800FFE7B3 /* XCRemoteSwiftPackageReference "THLogger" */,
			);
			productRefGroup = 7672E09B28F95CC100FFE7B3 /* Products */;
			projectDirPath = "";
			projectRoot = "";
			targets = (
				7672E09928F95CC100FFE7B3 /* demo */,
			);
		};
/* End PBXProject section */

/* Begin PBXResourcesBuildPhase section */
		7672E09828F95CC100FFE7B3 /* Resources */ = {
			isa = PBXResourcesBuildPhase;
			buildActionMask = 2147483647;
			files = (
				7672E0A528F95CC500FFE7B3 /* Preview Assets.xcassets in Resources */,
				7672E0B628F9602E00FFE7B3 /* video.mp4 in Resources */,
				7672E0A228F95CC500FFE7B3 /* Assets.xcassets in Resources */,
			);
			runOnlyForDeploymentPostprocessing = 0;
		};
/* End PBXResourcesBuildPhase section */

/* Begin PBXSourcesBuildPhase section */
		7672E09628F95CC100FFE7B3 /* Sources */ = {
			isa = PBXSourcesBuildPhase;
			buildActionMask = 2147483647;
			files = (
				7672E0AF28F95F2D00FFE7B3 /* HomeView.swift in Sources */,
				7672E0A028F95CC100FFE7B3 /* ContentView.swift in Sources */,
				7672E0B928F9611D00FFE7B3 /* VideoPlayViewRepresentable.swift in Sources */,
				7672E09E28F95CC100FFE7B3 /* demoApp.swift in Sources */,
				7672E0B128F95F3500FFE7B3 /* HomeViewModel.swift in Sources */,
			);
			runOnlyForDeploymentPostprocessing = 0;
		};
/* End PBXSourcesBuildPhase section */

/* Begin XCBuildConfiguration section */
		7672E0A628F95CC500FFE7B3 /* Debug */ = {
			isa = XCBuildConfiguration;
			buildSettings = {
				ALWAYS_SEARCH_USER_PATHS = NO;
				CLANG_ANALYZER_NONNULL = YES;
				CLANG_ANALYZER_NUMBER_OBJECT_CONVERSION = YES_AGGRESSIVE;
				CLANG_CXX_LANGUAGE_STANDARD = "gnu++20";
				CLANG_ENABLE_MODULES = YES;
				CLANG_ENABLE_OBJC_ARC = YES;
				CLANG_ENABLE_OBJC_WEAK = YES;
				CLANG_WARN_BLOCK_CAPTURE_AUTORELEASING = YES;
				CLANG_WARN_BOOL_CONVERSION = YES;
				CLANG_WARN_COMMA = YES;
				CLANG_WARN_CONSTANT_CONVERSION = YES;
				CLANG_WARN_DEPRECATED_OBJC_IMPLEMENTATIONS = YES;
				CLANG_WARN_DIRECT_OBJC_ISA_USAGE = YES_ERROR;
				CLANG_WARN_DOCUMENTATION_COMMENTS = YES;
				CLANG_WARN_EMPTY_BODY = YES;
				CLANG_WARN_ENUM_CONVERSION = YES;
				CLANG_WARN_INFINITE_RECURSION = YES;
				CLANG_WARN_INT_CONVERSION = YES;
				CLANG_WARN_NON_LITERAL_NULL_CONVERSION = YES;
				CLANG_WARN_OBJC_IMPLICIT_RETAIN_SELF = YES;
				CLANG_WARN_OBJC_LITERAL_CONVERSION = YES;
				CLANG_WARN_OBJC_ROOT_CLASS = YES_ERROR;
				CLANG_WARN_QUOTED_INCLUDE_IN_FRAMEWORK_HEADER = YES;
				CLANG_WARN_RANGE_LOOP_ANALYSIS = YES;
				CLANG_WARN_STRICT_PROTOTYPES = YES;
				CLANG_WARN_SUSPICIOUS_MOVE = YES;
				CLANG_WARN_UNGUARDED_AVAILABILITY = YES_AGGRESSIVE;
				CLANG_WARN_UNREACHABLE_CODE = YES;
				CLANG_WARN__DUPLICATE_METHOD_MATCH = YES;
				COPY_PHASE_STRIP = NO;
				DEBUG_INFORMATION_FORMAT = dwarf;
				ENABLE_STRICT_OBJC_MSGSEND = YES;
				ENABLE_TESTABILITY = YES;
				GCC_C_LANGUAGE_STANDARD = gnu11;
				GCC_DYNAMIC_NO_PIC = NO;
				GCC_NO_COMMON_BLOCKS = YES;
				GCC_OPTIMIZATION_LEVEL = 0;
				GCC_PREPROCESSOR_DEFINITIONS = (
					"DEBUG=1",
					"$(inherited)",
				);
				GCC_WARN_64_TO_32_BIT_CONVERSION = YES;
				GCC_WARN_ABOUT_RETURN_TYPE = YES_ERROR;
				GCC_WARN_UNDECLARED_SELECTOR = YES;
				GCC_WARN_UNINITIALIZED_AUTOS = YES_AGGRESSIVE;
				GCC_WARN_UNUSED_FUNCTION = YES;
				GCC_WARN_UNUSED_VARIABLE = YES;
				IPHONEOS_DEPLOYMENT_TARGET = 16.0;
				MTL_ENABLE_DEBUG_INFO = INCLUDE_SOURCE;
				MTL_FAST_MATH = YES;
				ONLY_ACTIVE_ARCH = YES;
				SDKROOT = iphoneos;
				SWIFT_ACTIVE_COMPILATION_CONDITIONS = DEBUG;
				SWIFT_OPTIMIZATION_LEVEL = "-Onone";
			};
			name = Debug;
		};
		7672E0A728F95CC500FFE7B3 /* Release */ = {
			isa = XCBuildConfiguration;
			buildSettings = {
				ALWAYS_SEARCH_USER_PATHS = NO;
				CLANG_ANALYZER_NONNULL = YES;
				CLANG_ANALYZER_NUMBER_OBJECT_CONVERSION = YES_AGGRESSIVE;
				CLANG_CXX_LANGUAGE_STANDARD = "gnu++20";
				CLANG_ENABLE_MODULES = YES;
				CLANG_ENABLE_OBJC_ARC = YES;
				CLANG_ENABLE_OBJC_WEAK = YES;
				CLANG_WARN_BLOCK_CAPTURE_AUTORELEASING = YES;
				CLANG_WARN_BOOL_CONVERSION = YES;
				CLANG_WARN_COMMA = YES;
				CLANG_WARN_CONSTANT_CONVERSION = YES;
				CLANG_WARN_DEPRECATED_OBJC_IMPLEMENTATIONS = YES;
				CLANG_WARN_DIRECT_OBJC_ISA_USAGE = YES_ERROR;
				CLANG_WARN_DOCUMENTATION_COMMENTS = YES;
				CLANG_WARN_EMPTY_BODY = YES;
				CLANG_WARN_ENUM_CONVERSION = YES;
				CLANG_WARN_INFINITE_RECURSION = YES;
				CLANG_WARN_INT_CONVERSION = YES;
				CLANG_WARN_NON_LITERAL_NULL_CONVERSION = YES;
				CLANG_WARN_OBJC_IMPLICIT_RETAIN_SELF = YES;
				CLANG_WARN_OBJC_LITERAL_CONVERSION = YES;
				CLANG_WARN_OBJC_ROOT_CLASS = YES_ERROR;
				CLANG_WARN_QUOTED_INCLUDE_IN_FRAMEWORK_HEADER = YES;
				CLANG_WARN_RANGE_LOOP_ANALYSIS = YES;
				CLANG_WARN_STRICT_PROTOTYPES = YES;
				CLANG_WARN_SUSPICIOUS_MOVE = YES;
				CLANG_WARN_UNGUARDED_AVAILABILITY = YES_AGGRESSIVE;
				CLANG_WARN_UNREACHABLE_CODE = YES;
				CLANG_WARN__DUPLICATE_METHOD_MATCH = YES;
				COPY_PHASE_STRIP = NO;
				DEBUG_INFORMATION_FORMAT = "dwarf-with-dsym";
				ENABLE_NS_ASSERTIONS = NO;
				ENABLE_STRICT_OBJC_MSGSEND = YES;
				GCC_C_LANGUAGE_STANDARD = gnu11;
				GCC_NO_COMMON_BLOCKS = YES;
				GCC_WARN_64_TO_32_BIT_CONVERSION = YES;
				GCC_WARN_ABOUT_RETURN_TYPE = YES_ERROR;
				GCC_WARN_UNDECLARED_SELECTOR = YES;
				GCC_WARN_UNINITIALIZED_AUTOS = YES_AGGRESSIVE;
				GCC_WARN_UNUSED_FUNCTION = YES;
				GCC_WARN_UNUSED_VARIABLE = YES;
				IPHONEOS_DEPLOYMENT_TARGET = 16.0;
				MTL_ENABLE_DEBUG_INFO = NO;
				MTL_FAST_MATH = YES;
				SDKROOT = iphoneos;
				SWIFT_COMPILATION_MODE = wholemodule;
				SWIFT_OPTIMIZATION_LEVEL = "-O";
				VALIDATE_PRODUCT = YES;
			};
			name = Release;
		};
		7672E0A928F95CC500FFE7B3 /* Debug */ = {
			isa = XCBuildConfiguration;
			buildSettings = {
				ASSETCATALOG_COMPILER_APPICON_NAME = AppIcon;
				ASSETCATALOG_COMPILER_GLOBAL_ACCENT_COLOR_NAME = AccentColor;
				CODE_SIGN_STYLE = Automatic;
				CURRENT_PROJECT_VERSION = 1;
				DEVELOPMENT_ASSET_PATHS = "\"demo/Preview Content\"";
				DEVELOPMENT_TEAM = FP5AQZ56FT;
				ENABLE_PREVIEWS = YES;
				GENERATE_INFOPLIST_FILE = YES;
				INFOPLIST_KEY_UIApplicationSceneManifest_Generation = YES;
				INFOPLIST_KEY_UIApplicationSupportsIndirectInputEvents = YES;
				INFOPLIST_KEY_UILaunchScreen_Generation = YES;
				INFOPLIST_KEY_UISupportedInterfaceOrientations_iPad = "UIInterfaceOrientationPortrait UIInterfaceOrientationPortraitUpsideDown UIInterfaceOrientationLandscapeLeft UIInterfaceOrientationLandscapeRight";
				INFOPLIST_KEY_UISupportedInterfaceOrientations_iPhone = "UIInterfaceOrientationPortrait UIInterfaceOrientationLandscapeLeft UIInterfaceOrientationLandscapeRight";
				LD_RUNPATH_SEARCH_PATHS = (
					"$(inherited)",
					"@executable_path/Frameworks",
				);
				MARKETING_VERSION = 1.0;
				PRODUCT_BUNDLE_IDENTIFIER = com.taro.demo;
				PRODUCT_NAME = "$(TARGET_NAME)";
				SUPPORTED_PLATFORMS = "iphoneos iphonesimulator";
				SUPPORTS_MACCATALYST = NO;
				SUPPORTS_MAC_DESIGNED_FOR_IPHONE_IPAD = NO;
				SWIFT_EMIT_LOC_STRINGS = YES;
				SWIFT_VERSION = 5.0;
				TARGETED_DEVICE_FAMILY = 1;
			};
			name = Debug;
		};
		7672E0AA28F95CC500FFE7B3 /* Release */ = {
			isa = XCBuildConfiguration;
			buildSettings = {
				ASSETCATALOG_COMPILER_APPICON_NAME = AppIcon;
				ASSETCATALOG_COMPILER_GLOBAL_ACCENT_COLOR_NAME = AccentColor;
				CODE_SIGN_STYLE = Automatic;
				CURRENT_PROJECT_VERSION = 1;
				DEVELOPMENT_ASSET_PATHS = "\"demo/Preview Content\"";
				DEVELOPMENT_TEAM = FP5AQZ56FT;
				ENABLE_PREVIEWS = YES;
				GENERATE_INFOPLIST_FILE = YES;
				INFOPLIST_KEY_UIApplicationSceneManifest_Generation = YES;
				INFOPLIST_KEY_UIApplicationSupportsIndirectInputEvents = YES;
				INFOPLIST_KEY_UILaunchScreen_Generation = YES;
				INFOPLIST_KEY_UISupportedInterfaceOrientations_iPad = "UIInterfaceOrientationPortrait UIInterfaceOrientationPortraitUpsideDown UIInterfaceOrientationLandscapeLeft UIInterfaceOrientationLandscapeRight";
				INFOPLIST_KEY_UISupportedInterfaceOrientations_iPhone = "UIInterfaceOrientationPortrait UIInterfaceOrientationLandscapeLeft UIInterfaceOrientationLandscapeRight";
				LD_RUNPATH_SEARCH_PATHS = (
					"$(inherited)",
					"@executable_path/Frameworks",
				);
				MARKETING_VERSION = 1.0;
				PRODUCT_BUNDLE_IDENTIFIER = com.taro.demo;
				PRODUCT_NAME = "$(TARGET_NAME)";
				SUPPORTED_PLATFORMS = "iphoneos iphonesimulator";
				SUPPORTS_MACCATALYST = NO;
				SUPPORTS_MAC_DESIGNED_FOR_IPHONE_IPAD = NO;
				SWIFT_EMIT_LOC_STRINGS = YES;
				SWIFT_VERSION = 5.0;
				TARGETED_DEVICE_FAMILY = 1;
			};
			name = Release;
		};
/* End XCBuildConfiguration section */

/* Begin XCConfigurationList section */
		7672E09528F95CC100FFE7B3 /* Build configuration list for PBXProject "demo" */ = {
			isa = XCConfigurationList;
			buildConfigurations = (
				7672E0A628F95CC500FFE7B3 /* Debug */,
				7672E0A728F95CC500FFE7B3 /* Release */,
			);
			defaultConfigurationIsVisible = 0;
			defaultConfigurationName = Release;
		};
		7672E0A828F95CC500FFE7B3 /* Build configuration list for PBXNativeTarget "demo" */ = {
			isa = XCConfigurationList;
			buildConfigurations = (
				7672E0A928F95CC500FFE7B3 /* Debug */,
				7672E0AA28F95CC500FFE7B3 /* Release */,
			);
			defaultConfigurationIsVisible = 0;
			defaultConfigurationName = Release;
		};
/* End XCConfigurationList section */

/* Begin XCRemoteSwiftPackageReference section */
		7672E0B228F95F6600FFE7B3 /* XCRemoteSwiftPackageReference "VideoPlayable" */ = {
			isa = XCRemoteSwiftPackageReference;
			repositoryURL = "https://github.com/h-taro/VideoPlayable";
			requirement = {
				kind = upToNextMajorVersion;
				minimumVersion = 0.1.7;
			};
		};
		7672E0BA28F969F800FFE7B3 /* XCRemoteSwiftPackageReference "THLogger" */ = {
			isa = XCRemoteSwiftPackageReference;
			repositoryURL = "https://github.com/h-taro/THLogger";
			requirement = {
				kind = upToNextMajorVersion;
				minimumVersion = 0.0.4;
			};
		};
/* End XCRemoteSwiftPackageReference section */

/* Begin XCSwiftPackageProductDependency section */
		7672E0B328F95F6600FFE7B3 /* VideoPlayable */ = {
			isa = XCSwiftPackageProductDependency;
			package = 7672E0B228F95F6600FFE7B3 /* XCRemoteSwiftPackageReference "VideoPlayable" */;
			productName = VideoPlayable;
		};
		7672E0BB28F969F800FFE7B3 /* THLogger */ = {
			isa = XCSwiftPackageProductDependency;
			package = 7672E0BA28F969F800FFE7B3 /* XCRemoteSwiftPackageReference "THLogger" */;
			productName = THLogger;
		};
/* End XCSwiftPackageProductDependency section */
	};
	rootObject = 7672E09228F95CC100FFE7B3 /* Project object */;
}
